{
  "name": "calculadora",
  "version": "1.0.0",
  "lockfileVersion": 3,
  "requires": true,
  "packages": {
    "": {
      "name": "calculadora",
      "version": "1.0.0",
      "license": "ISC",
      "dependencies": {
        "mi-calculadora-diego": "^1.0.2"
      }
    },
    "../npm-calcito": {
      "name": "mi-calculadora-diego",
      "version": "1.0.1",
      "extraneous": true,
      "license": "MIT",
      "devDependencies": {
        "eslint": "^9.9.0",
        "eslint-config-standard": "^17.1.0",
        "eslint-plugin-import": "^2.29.1",
        "eslint-plugin-n": "^16.6.2",
        "eslint-plugin-promise": "^6.4.0",
        "prettier": "^3.3.3"
      }
    },
    "node_modules/mi-calculadora-diego": {
      "version": "1.0.2",
      "resolved": "https://registry.npmjs.org/mi-calculadora-diego/-/mi-calculadora-diego-1.0.2.tgz",
      "integrity": "sha512-CESln1xh6NjDjaE1iCKI9sd5+5qKm95KH49QjOaJxT5RHNLCXgwSz8AAUH3cnhTOt6BsSVRmokWe0iiPapgofg==",
      "license": "MIT"
    }
  }
}
